// !$*UTF8*$!
{
	archiveVersion = 1;
	classes = {
	};
	objectVersion = 51;
	objects = {

/* Begin PBXBuildFile section */
		101A5C8A5DA8441CFEF982F0 /* Pods_UniPlogger.framework in Frameworks */ = {isa = PBXBuildFile; fileRef = E4E470A391887A23D6AF25DD /* Pods_UniPlogger.framework */; };
		AA1AC8C3252E1BBB0022ACE5 /* LocationManager.swift in Sources */ = {isa = PBXBuildFile; fileRef = AA1AC8C2252E1BBB0022ACE5 /* LocationManager.swift */; };
		AA1AC8C5252E1C120022ACE5 /* UserDefault+Extensions.swift in Sources */ = {isa = PBXBuildFile; fileRef = AA1AC8C4252E1C120022ACE5 /* UserDefault+Extensions.swift */; };
		AA1AC8C7252E1C7D0022ACE5 /* CLLocationCoordinated2D+Extensions.swift in Sources */ = {isa = PBXBuildFile; fileRef = AA1AC8C6252E1C7D0022ACE5 /* CLLocationCoordinated2D+Extensions.swift */; };
		AA2EA3AB253C234300F1413D /* TrashAnnotationView.swift in Sources */ = {isa = PBXBuildFile; fileRef = AA2EA3AA253C234300F1413D /* TrashAnnotationView.swift */; };
		AA2EA3AF253C23E100F1413D /* TrashAnnotation.swift in Sources */ = {isa = PBXBuildFile; fileRef = AA2EA3AE253C23E100F1413D /* TrashAnnotation.swift */; };
		AAB3B4C82520A31100F0311A /* AppDelegate.swift in Sources */ = {isa = PBXBuildFile; fileRef = AAB3B4C72520A31100F0311A /* AppDelegate.swift */; };
		AAB3B4D22520A31100F0311A /* UniPlogger.xcdatamodeld in Sources */ = {isa = PBXBuildFile; fileRef = AAB3B4D02520A31100F0311A /* UniPlogger.xcdatamodeld */; };
		AAB3B4D42520A31200F0311A /* Assets.xcassets in Resources */ = {isa = PBXBuildFile; fileRef = AAB3B4D32520A31200F0311A /* Assets.xcassets */; };
		AAB3B4D72520A31200F0311A /* LaunchScreen.storyboard in Resources */ = {isa = PBXBuildFile; fileRef = AAB3B4D52520A31200F0311A /* LaunchScreen.storyboard */; };
		AAB3B4E92520A78300F0311A /* MainTabBarController.swift in Sources */ = {isa = PBXBuildFile; fileRef = AAB3B4E82520A78300F0311A /* MainTabBarController.swift */; };
		AAB3B4EC2520B2B400F0311A /* UIImage+Extensions.swift in Sources */ = {isa = PBXBuildFile; fileRef = AAB3B4EB2520B2B400F0311A /* UIImage+Extensions.swift */; };
		AAB3B4EF2520B30600F0311A /* RoundShadowView.swift in Sources */ = {isa = PBXBuildFile; fileRef = AAB3B4EE2520B30600F0311A /* RoundShadowView.swift */; };
		AAB3B4F12520B37100F0311A /* UIView+Extensions.swift in Sources */ = {isa = PBXBuildFile; fileRef = AAB3B4F02520B37100F0311A /* UIView+Extensions.swift */; };
		AAB3B4F92520B5B600F0311A /* Common.swift in Sources */ = {isa = PBXBuildFile; fileRef = AAB3B4F82520B5B600F0311A /* Common.swift */; };
		AAB3B5002520B6D900F0311A /* PloggingPresenter.swift in Sources */ = {isa = PBXBuildFile; fileRef = AAB3B4FA2520B6D900F0311A /* PloggingPresenter.swift */; };
		AAB3B5012520B6D900F0311A /* PloggingWorker.swift in Sources */ = {isa = PBXBuildFile; fileRef = AAB3B4FB2520B6D900F0311A /* PloggingWorker.swift */; };
		AAB3B5022520B6D900F0311A /* PloggingRouter.swift in Sources */ = {isa = PBXBuildFile; fileRef = AAB3B4FC2520B6D900F0311A /* PloggingRouter.swift */; };
		AAB3B5032520B6D900F0311A /* PloggingModels.swift in Sources */ = {isa = PBXBuildFile; fileRef = AAB3B4FD2520B6D900F0311A /* PloggingModels.swift */; };
		AAB3B5042520B6D900F0311A /* PloggingViewController.swift in Sources */ = {isa = PBXBuildFile; fileRef = AAB3B4FE2520B6D900F0311A /* PloggingViewController.swift */; };
		AAB3B5052520B6D900F0311A /* PloggingInteractor.swift in Sources */ = {isa = PBXBuildFile; fileRef = AAB3B4FF2520B6D900F0311A /* PloggingInteractor.swift */; };
		AAB3B5072520D16800F0311A /* UIColor+Extensions.swift in Sources */ = {isa = PBXBuildFile; fileRef = AAB3B5062520D16800F0311A /* UIColor+Extensions.swift */; };
		AAB3B50A2520D34D00F0311A /* BaseViewController.swift in Sources */ = {isa = PBXBuildFile; fileRef = AAB3B5092520D34D00F0311A /* BaseViewController.swift */; };
		AAB887932524524C000A9D58 /* StartCountingViewController.swift in Sources */ = {isa = PBXBuildFile; fileRef = AAB887922524524C000A9D58 /* StartCountingViewController.swift */; };
		AAB8879525245320000A9D58 /* GradientView.swift in Sources */ = {isa = PBXBuildFile; fileRef = AAB8879425245320000A9D58 /* GradientView.swift */; };
		AAB887A325245F65000A9D58 /* Roboto-Thin.ttf in Resources */ = {isa = PBXBuildFile; fileRef = AAB8879825245F65000A9D58 /* Roboto-Thin.ttf */; };
		AAB887A425245F65000A9D58 /* Roboto-Black.ttf in Resources */ = {isa = PBXBuildFile; fileRef = AAB8879925245F65000A9D58 /* Roboto-Black.ttf */; };
		AAB887A525245F65000A9D58 /* Roboto-LightItalic.ttf in Resources */ = {isa = PBXBuildFile; fileRef = AAB8879A25245F65000A9D58 /* Roboto-LightItalic.ttf */; };
		AAB887A625245F65000A9D58 /* Roboto-MediumItalic.ttf in Resources */ = {isa = PBXBuildFile; fileRef = AAB8879B25245F65000A9D58 /* Roboto-MediumItalic.ttf */; };
		AAB887A725245F65000A9D58 /* Roboto-BoldItalic.ttf in Resources */ = {isa = PBXBuildFile; fileRef = AAB8879C25245F65000A9D58 /* Roboto-BoldItalic.ttf */; };
		AAB887A825245F65000A9D58 /* Roboto-Light.ttf in Resources */ = {isa = PBXBuildFile; fileRef = AAB8879D25245F65000A9D58 /* Roboto-Light.ttf */; };
		AAB887A925245F65000A9D58 /* Roboto-BlackItalic.ttf in Resources */ = {isa = PBXBuildFile; fileRef = AAB8879E25245F65000A9D58 /* Roboto-BlackItalic.ttf */; };
		AAB887AA25245F65000A9D58 /* Roboto-Bold.ttf in Resources */ = {isa = PBXBuildFile; fileRef = AAB8879F25245F65000A9D58 /* Roboto-Bold.ttf */; };
		AAB887AB25245F65000A9D58 /* Roboto-Medium.ttf in Resources */ = {isa = PBXBuildFile; fileRef = AAB887A025245F65000A9D58 /* Roboto-Medium.ttf */; };
		AAB887AC25245F65000A9D58 /* Roboto-Italic.ttf in Resources */ = {isa = PBXBuildFile; fileRef = AAB887A125245F65000A9D58 /* Roboto-Italic.ttf */; };
		AAB887AD25245F65000A9D58 /* Roboto-Regular.ttf in Resources */ = {isa = PBXBuildFile; fileRef = AAB887A225245F65000A9D58 /* Roboto-Regular.ttf */; };
		AAB887AF2524600A000A9D58 /* Roboto-ThinItalic.ttf in Resources */ = {isa = PBXBuildFile; fileRef = AAB887AE2524600A000A9D58 /* Roboto-ThinItalic.ttf */; };
		AAB887B12524603E000A9D58 /* UIFont+Extensions.swift in Sources */ = {isa = PBXBuildFile; fileRef = AAB887B02524603E000A9D58 /* UIFont+Extensions.swift */; };
		AAD8DE8E252821280000B017 /* PloggingViewController+UI.swift in Sources */ = {isa = PBXBuildFile; fileRef = AAD8DE8D252821280000B017 /* PloggingViewController+UI.swift */; };
		AADAD5A52540941500EEE4A4 /* PloggingRecordPresenter.swift in Sources */ = {isa = PBXBuildFile; fileRef = AADAD59F2540941500EEE4A4 /* PloggingRecordPresenter.swift */; };
		AADAD5A62540941500EEE4A4 /* PloggingRecordWorker.swift in Sources */ = {isa = PBXBuildFile; fileRef = AADAD5A02540941500EEE4A4 /* PloggingRecordWorker.swift */; };
		AADAD5A72540941500EEE4A4 /* PloggingRecordRouter.swift in Sources */ = {isa = PBXBuildFile; fileRef = AADAD5A12540941500EEE4A4 /* PloggingRecordRouter.swift */; };
		AADAD5A82540941500EEE4A4 /* PloggingRecordModels.swift in Sources */ = {isa = PBXBuildFile; fileRef = AADAD5A22540941500EEE4A4 /* PloggingRecordModels.swift */; };
		AADAD5A92540941500EEE4A4 /* PloggingRecordViewController.swift in Sources */ = {isa = PBXBuildFile; fileRef = AADAD5A32540941500EEE4A4 /* PloggingRecordViewController.swift */; };
		AADAD5AA2540941500EEE4A4 /* PloggingRecordInteractor.swift in Sources */ = {isa = PBXBuildFile; fileRef = AADAD5A42540941500EEE4A4 /* PloggingRecordInteractor.swift */; };
		AADAD5AD2540943200EEE4A4 /* PloggingRecordViewController+UI.swift in Sources */ = {isa = PBXBuildFile; fileRef = AADAD5AC2540943200EEE4A4 /* PloggingRecordViewController+UI.swift */; };
		AADAD5B6254095DC00EEE4A4 /* NotoSansCJKkr-Thin.otf in Resources */ = {isa = PBXBuildFile; fileRef = AADAD5B5254095D500EEE4A4 /* NotoSansCJKkr-Thin.otf */; };
		AADAD5B7254095DC00EEE4A4 /* NotoSansCJKkr-Light.otf in Resources */ = {isa = PBXBuildFile; fileRef = AADAD5B3254095D500EEE4A4 /* NotoSansCJKkr-Light.otf */; };
		AADAD5B8254095DC00EEE4A4 /* NotoSansCJKkr-Medium.otf in Resources */ = {isa = PBXBuildFile; fileRef = AADAD5AF254095D400EEE4A4 /* NotoSansCJKkr-Medium.otf */; };
		AADAD5B9254095DC00EEE4A4 /* NotoSansCJKkr-Black.otf in Resources */ = {isa = PBXBuildFile; fileRef = AADAD5B1254095D400EEE4A4 /* NotoSansCJKkr-Black.otf */; };
		AADAD5BA254095DC00EEE4A4 /* NotoSansCJKkr-Regular.otf in Resources */ = {isa = PBXBuildFile; fileRef = AADAD5B4254095D500EEE4A4 /* NotoSansCJKkr-Regular.otf */; };
		AADAD5BB254095DC00EEE4A4 /* NotoSansCJKkr-Bold.otf in Resources */ = {isa = PBXBuildFile; fileRef = AADAD5B2254095D400EEE4A4 /* NotoSansCJKkr-Bold.otf */; };
		AADAD5BC254095DC00EEE4A4 /* NotoSansCJKkr-DemiLight.otf in Resources */ = {isa = PBXBuildFile; fileRef = AADAD5B0254095D400EEE4A4 /* NotoSansCJKkr-DemiLight.otf */; };
		AADAD5C0254097CC00EEE4A4 /* PloggingRecordCollectionViewCell.swift in Sources */ = {isa = PBXBuildFile; fileRef = AADAD5BF254097CC00EEE4A4 /* PloggingRecordCollectionViewCell.swift */; };
/* End PBXBuildFile section */

/* Begin PBXFileReference section */
		12330CE7D885C1CB00C8E874 /* Pods-UniPlogger.release.xcconfig */ = {isa = PBXFileReference; includeInIndex = 1; lastKnownFileType = text.xcconfig; name = "Pods-UniPlogger.release.xcconfig"; path = "Target Support Files/Pods-UniPlogger/Pods-UniPlogger.release.xcconfig"; sourceTree = "<group>"; };
		925E132ACB7FB812EDA3D67C /* Pods-UniPlogger.debug.xcconfig */ = {isa = PBXFileReference; includeInIndex = 1; lastKnownFileType = text.xcconfig; name = "Pods-UniPlogger.debug.xcconfig"; path = "Target Support Files/Pods-UniPlogger/Pods-UniPlogger.debug.xcconfig"; sourceTree = "<group>"; };
		AA1AC8C2252E1BBB0022ACE5 /* LocationManager.swift */ = {isa = PBXFileReference; lastKnownFileType = sourcecode.swift; path = LocationManager.swift; sourceTree = "<group>"; };
		AA1AC8C4252E1C120022ACE5 /* UserDefault+Extensions.swift */ = {isa = PBXFileReference; lastKnownFileType = sourcecode.swift; path = "UserDefault+Extensions.swift"; sourceTree = "<group>"; };
		AA1AC8C6252E1C7D0022ACE5 /* CLLocationCoordinated2D+Extensions.swift */ = {isa = PBXFileReference; lastKnownFileType = sourcecode.swift; path = "CLLocationCoordinated2D+Extensions.swift"; sourceTree = "<group>"; };
		AA2EA3AA253C234300F1413D /* TrashAnnotationView.swift */ = {isa = PBXFileReference; lastKnownFileType = sourcecode.swift; path = TrashAnnotationView.swift; sourceTree = "<group>"; };
		AA2EA3AE253C23E100F1413D /* TrashAnnotation.swift */ = {isa = PBXFileReference; lastKnownFileType = sourcecode.swift; path = TrashAnnotation.swift; sourceTree = "<group>"; };
		AAB3B4C42520A31100F0311A /* UniPlogger.app */ = {isa = PBXFileReference; explicitFileType = wrapper.application; includeInIndex = 0; path = UniPlogger.app; sourceTree = BUILT_PRODUCTS_DIR; };
		AAB3B4C72520A31100F0311A /* AppDelegate.swift */ = {isa = PBXFileReference; lastKnownFileType = sourcecode.swift; path = AppDelegate.swift; sourceTree = "<group>"; };
		AAB3B4D12520A31100F0311A /* UniPlogger.xcdatamodel */ = {isa = PBXFileReference; lastKnownFileType = wrapper.xcdatamodel; path = UniPlogger.xcdatamodel; sourceTree = "<group>"; };
		AAB3B4D32520A31200F0311A /* Assets.xcassets */ = {isa = PBXFileReference; lastKnownFileType = folder.assetcatalog; path = Assets.xcassets; sourceTree = "<group>"; };
		AAB3B4D62520A31200F0311A /* Base */ = {isa = PBXFileReference; lastKnownFileType = file.storyboard; name = Base; path = Base.lproj/LaunchScreen.storyboard; sourceTree = "<group>"; };
		AAB3B4D82520A31200F0311A /* Info.plist */ = {isa = PBXFileReference; lastKnownFileType = text.plist.xml; path = Info.plist; sourceTree = "<group>"; };
		AAB3B4E82520A78300F0311A /* MainTabBarController.swift */ = {isa = PBXFileReference; lastKnownFileType = sourcecode.swift; path = MainTabBarController.swift; sourceTree = "<group>"; };
		AAB3B4EB2520B2B400F0311A /* UIImage+Extensions.swift */ = {isa = PBXFileReference; lastKnownFileType = sourcecode.swift; path = "UIImage+Extensions.swift"; sourceTree = "<group>"; };
		AAB3B4EE2520B30600F0311A /* RoundShadowView.swift */ = {isa = PBXFileReference; lastKnownFileType = sourcecode.swift; path = RoundShadowView.swift; sourceTree = "<group>"; };
		AAB3B4F02520B37100F0311A /* UIView+Extensions.swift */ = {isa = PBXFileReference; lastKnownFileType = sourcecode.swift; path = "UIView+Extensions.swift"; sourceTree = "<group>"; };
		AAB3B4F82520B5B600F0311A /* Common.swift */ = {isa = PBXFileReference; lastKnownFileType = sourcecode.swift; path = Common.swift; sourceTree = "<group>"; };
		AAB3B4FA2520B6D900F0311A /* PloggingPresenter.swift */ = {isa = PBXFileReference; lastKnownFileType = sourcecode.swift; path = PloggingPresenter.swift; sourceTree = "<group>"; };
		AAB3B4FB2520B6D900F0311A /* PloggingWorker.swift */ = {isa = PBXFileReference; lastKnownFileType = sourcecode.swift; path = PloggingWorker.swift; sourceTree = "<group>"; };
		AAB3B4FC2520B6D900F0311A /* PloggingRouter.swift */ = {isa = PBXFileReference; lastKnownFileType = sourcecode.swift; path = PloggingRouter.swift; sourceTree = "<group>"; };
		AAB3B4FD2520B6D900F0311A /* PloggingModels.swift */ = {isa = PBXFileReference; lastKnownFileType = sourcecode.swift; path = PloggingModels.swift; sourceTree = "<group>"; };
		AAB3B4FE2520B6D900F0311A /* PloggingViewController.swift */ = {isa = PBXFileReference; lastKnownFileType = sourcecode.swift; path = PloggingViewController.swift; sourceTree = "<group>"; };
		AAB3B4FF2520B6D900F0311A /* PloggingInteractor.swift */ = {isa = PBXFileReference; lastKnownFileType = sourcecode.swift; path = PloggingInteractor.swift; sourceTree = "<group>"; };
		AAB3B5062520D16800F0311A /* UIColor+Extensions.swift */ = {isa = PBXFileReference; lastKnownFileType = sourcecode.swift; path = "UIColor+Extensions.swift"; sourceTree = "<group>"; };
		AAB3B5092520D34D00F0311A /* BaseViewController.swift */ = {isa = PBXFileReference; lastKnownFileType = sourcecode.swift; path = BaseViewController.swift; sourceTree = "<group>"; };
		AAB887922524524C000A9D58 /* StartCountingViewController.swift */ = {isa = PBXFileReference; lastKnownFileType = sourcecode.swift; path = StartCountingViewController.swift; sourceTree = "<group>"; };
		AAB8879425245320000A9D58 /* GradientView.swift */ = {isa = PBXFileReference; lastKnownFileType = sourcecode.swift; path = GradientView.swift; sourceTree = "<group>"; };
		AAB8879825245F65000A9D58 /* Roboto-Thin.ttf */ = {isa = PBXFileReference; lastKnownFileType = file; path = "Roboto-Thin.ttf"; sourceTree = "<group>"; };
		AAB8879925245F65000A9D58 /* Roboto-Black.ttf */ = {isa = PBXFileReference; lastKnownFileType = file; path = "Roboto-Black.ttf"; sourceTree = "<group>"; };
		AAB8879A25245F65000A9D58 /* Roboto-LightItalic.ttf */ = {isa = PBXFileReference; lastKnownFileType = file; path = "Roboto-LightItalic.ttf"; sourceTree = "<group>"; };
		AAB8879B25245F65000A9D58 /* Roboto-MediumItalic.ttf */ = {isa = PBXFileReference; lastKnownFileType = file; path = "Roboto-MediumItalic.ttf"; sourceTree = "<group>"; };
		AAB8879C25245F65000A9D58 /* Roboto-BoldItalic.ttf */ = {isa = PBXFileReference; lastKnownFileType = file; path = "Roboto-BoldItalic.ttf"; sourceTree = "<group>"; };
		AAB8879D25245F65000A9D58 /* Roboto-Light.ttf */ = {isa = PBXFileReference; lastKnownFileType = file; path = "Roboto-Light.ttf"; sourceTree = "<group>"; };
		AAB8879E25245F65000A9D58 /* Roboto-BlackItalic.ttf */ = {isa = PBXFileReference; lastKnownFileType = file; path = "Roboto-BlackItalic.ttf"; sourceTree = "<group>"; };
		AAB8879F25245F65000A9D58 /* Roboto-Bold.ttf */ = {isa = PBXFileReference; lastKnownFileType = file; path = "Roboto-Bold.ttf"; sourceTree = "<group>"; };
		AAB887A025245F65000A9D58 /* Roboto-Medium.ttf */ = {isa = PBXFileReference; lastKnownFileType = file; path = "Roboto-Medium.ttf"; sourceTree = "<group>"; };
		AAB887A125245F65000A9D58 /* Roboto-Italic.ttf */ = {isa = PBXFileReference; lastKnownFileType = file; path = "Roboto-Italic.ttf"; sourceTree = "<group>"; };
		AAB887A225245F65000A9D58 /* Roboto-Regular.ttf */ = {isa = PBXFileReference; lastKnownFileType = file; path = "Roboto-Regular.ttf"; sourceTree = "<group>"; };
		AAB887AE2524600A000A9D58 /* Roboto-ThinItalic.ttf */ = {isa = PBXFileReference; lastKnownFileType = file; path = "Roboto-ThinItalic.ttf"; sourceTree = "<group>"; };
		AAB887B02524603E000A9D58 /* UIFont+Extensions.swift */ = {isa = PBXFileReference; lastKnownFileType = sourcecode.swift; path = "UIFont+Extensions.swift"; sourceTree = "<group>"; };
		AAD8DE8D252821280000B017 /* PloggingViewController+UI.swift */ = {isa = PBXFileReference; lastKnownFileType = sourcecode.swift; path = "PloggingViewController+UI.swift"; sourceTree = "<group>"; };
		AADAD59F2540941500EEE4A4 /* PloggingRecordPresenter.swift */ = {isa = PBXFileReference; lastKnownFileType = sourcecode.swift; path = PloggingRecordPresenter.swift; sourceTree = "<group>"; };
		AADAD5A02540941500EEE4A4 /* PloggingRecordWorker.swift */ = {isa = PBXFileReference; lastKnownFileType = sourcecode.swift; path = PloggingRecordWorker.swift; sourceTree = "<group>"; };
		AADAD5A12540941500EEE4A4 /* PloggingRecordRouter.swift */ = {isa = PBXFileReference; lastKnownFileType = sourcecode.swift; path = PloggingRecordRouter.swift; sourceTree = "<group>"; };
		AADAD5A22540941500EEE4A4 /* PloggingRecordModels.swift */ = {isa = PBXFileReference; lastKnownFileType = sourcecode.swift; path = PloggingRecordModels.swift; sourceTree = "<group>"; };
		AADAD5A32540941500EEE4A4 /* PloggingRecordViewController.swift */ = {isa = PBXFileReference; lastKnownFileType = sourcecode.swift; path = PloggingRecordViewController.swift; sourceTree = "<group>"; };
		AADAD5A42540941500EEE4A4 /* PloggingRecordInteractor.swift */ = {isa = PBXFileReference; lastKnownFileType = sourcecode.swift; path = PloggingRecordInteractor.swift; sourceTree = "<group>"; };
		AADAD5AC2540943200EEE4A4 /* PloggingRecordViewController+UI.swift */ = {isa = PBXFileReference; lastKnownFileType = sourcecode.swift; path = "PloggingRecordViewController+UI.swift"; sourceTree = "<group>"; };
		AADAD5AF254095D400EEE4A4 /* NotoSansCJKkr-Medium.otf */ = {isa = PBXFileReference; lastKnownFileType = file; path = "NotoSansCJKkr-Medium.otf"; sourceTree = "<group>"; };
		AADAD5B0254095D400EEE4A4 /* NotoSansCJKkr-DemiLight.otf */ = {isa = PBXFileReference; lastKnownFileType = file; path = "NotoSansCJKkr-DemiLight.otf"; sourceTree = "<group>"; };
		AADAD5B1254095D400EEE4A4 /* NotoSansCJKkr-Black.otf */ = {isa = PBXFileReference; lastKnownFileType = file; path = "NotoSansCJKkr-Black.otf"; sourceTree = "<group>"; };
		AADAD5B2254095D400EEE4A4 /* NotoSansCJKkr-Bold.otf */ = {isa = PBXFileReference; lastKnownFileType = file; path = "NotoSansCJKkr-Bold.otf"; sourceTree = "<group>"; };
		AADAD5B3254095D500EEE4A4 /* NotoSansCJKkr-Light.otf */ = {isa = PBXFileReference; lastKnownFileType = file; path = "NotoSansCJKkr-Light.otf"; sourceTree = "<group>"; };
		AADAD5B4254095D500EEE4A4 /* NotoSansCJKkr-Regular.otf */ = {isa = PBXFileReference; lastKnownFileType = file; path = "NotoSansCJKkr-Regular.otf"; sourceTree = "<group>"; };
		AADAD5B5254095D500EEE4A4 /* NotoSansCJKkr-Thin.otf */ = {isa = PBXFileReference; lastKnownFileType = file; path = "NotoSansCJKkr-Thin.otf"; sourceTree = "<group>"; };
		AADAD5BF254097CC00EEE4A4 /* PloggingRecordCollectionViewCell.swift */ = {isa = PBXFileReference; lastKnownFileType = sourcecode.swift; path = PloggingRecordCollectionViewCell.swift; sourceTree = "<group>"; };
		E4E470A391887A23D6AF25DD /* Pods_UniPlogger.framework */ = {isa = PBXFileReference; explicitFileType = wrapper.framework; includeInIndex = 0; path = Pods_UniPlogger.framework; sourceTree = BUILT_PRODUCTS_DIR; };
/* End PBXFileReference section */

/* Begin PBXFrameworksBuildPhase section */
		AAB3B4C12520A31100F0311A /* Frameworks */ = {
			isa = PBXFrameworksBuildPhase;
			buildActionMask = 2147483647;
			files = (
				101A5C8A5DA8441CFEF982F0 /* Pods_UniPlogger.framework in Frameworks */,
			);
			runOnlyForDeploymentPostprocessing = 0;
		};
/* End PBXFrameworksBuildPhase section */

/* Begin PBXGroup section */
		AA1AC8C1252E1BB20022ACE5 /* Manager */ = {
			isa = PBXGroup;
			children = (
				AA1AC8C2252E1BBB0022ACE5 /* LocationManager.swift */,
			);
			path = Manager;
			sourceTree = "<group>";
		};
		AA2EA3A9253C233200F1413D /* Annotation */ = {
			isa = PBXGroup;
			children = (
				AA2EA3AA253C234300F1413D /* TrashAnnotationView.swift */,
				AA2EA3AE253C23E100F1413D /* TrashAnnotation.swift */,
			);
			path = Annotation;
			sourceTree = "<group>";
		};
		AAB3B4BB2520A31100F0311A = {
			isa = PBXGroup;
			children = (
				AAB3B4C62520A31100F0311A /* UniPlogger */,
				AAB3B4C52520A31100F0311A /* Products */,
				E2D00847CB39D6B3C3C2760D /* Pods */,
				F844166FBCB5428380F0D12E /* Frameworks */,
			);
			sourceTree = "<group>";
		};
		AAB3B4C52520A31100F0311A /* Products */ = {
			isa = PBXGroup;
			children = (
				AAB3B4C42520A31100F0311A /* UniPlogger.app */,
			);
			name = Products;
			sourceTree = "<group>";
		};
		AAB3B4C62520A31100F0311A /* UniPlogger */ = {
			isa = PBXGroup;
			children = (
				AA1AC8C1252E1BB20022ACE5 /* Manager */,
				AAB8879625245F55000A9D58 /* Resources */,
				AAB3B4F72520B58000F0311A /* Network */,
				AAB3B4F62520B55700F0311A /* Model */,
				AAB3B4E62520A77200F0311A /* Common */,
				AAB3B4E42520A76500F0311A /* Scene */,
				AAB3B4C72520A31100F0311A /* AppDelegate.swift */,
				AAB3B4D32520A31200F0311A /* Assets.xcassets */,
				AAB3B4D52520A31200F0311A /* LaunchScreen.storyboard */,
				AAB3B4D82520A31200F0311A /* Info.plist */,
				AAB3B4D02520A31100F0311A /* UniPlogger.xcdatamodeld */,
			);
			path = UniPlogger;
			sourceTree = "<group>";
		};
		AAB3B4E42520A76500F0311A /* Scene */ = {
			isa = PBXGroup;
			children = (
				AAB3B4E52520A76E00F0311A /* Plogging */,
			);
			path = Scene;
			sourceTree = "<group>";
		};
		AAB3B4E52520A76E00F0311A /* Plogging */ = {
			isa = PBXGroup;
			children = (
				AADAD59E254093FF00EEE4A4 /* Record */,
				AA2EA3A9253C233200F1413D /* Annotation */,
				AAB3B4FA2520B6D900F0311A /* PloggingPresenter.swift */,
				AAB3B4FB2520B6D900F0311A /* PloggingWorker.swift */,
				AAB3B4FC2520B6D900F0311A /* PloggingRouter.swift */,
				AAB3B4FD2520B6D900F0311A /* PloggingModels.swift */,
				AAB3B4FE2520B6D900F0311A /* PloggingViewController.swift */,
				AAD8DE8D252821280000B017 /* PloggingViewController+UI.swift */,
				AAB3B4FF2520B6D900F0311A /* PloggingInteractor.swift */,
				AAB887922524524C000A9D58 /* StartCountingViewController.swift */,
			);
			path = Plogging;
			sourceTree = "<group>";
		};
		AAB3B4E62520A77200F0311A /* Common */ = {
			isa = PBXGroup;
			children = (
				AAB3B5082520D34300F0311A /* ViewController */,
				AAB3B4ED2520B2F400F0311A /* View */,
				AAB3B4EA2520A78800F0311A /* Extension */,
				AAB3B4E72520A77700F0311A /* TabBarController */,
			);
			path = Common;
			sourceTree = "<group>";
		};
		AAB3B4E72520A77700F0311A /* TabBarController */ = {
			isa = PBXGroup;
			children = (
				AAB3B4E82520A78300F0311A /* MainTabBarController.swift */,
			);
			path = TabBarController;
			sourceTree = "<group>";
		};
		AAB3B4EA2520A78800F0311A /* Extension */ = {
			isa = PBXGroup;
			children = (
				AAB3B4EB2520B2B400F0311A /* UIImage+Extensions.swift */,
				AAB3B4F02520B37100F0311A /* UIView+Extensions.swift */,
				AAB3B5062520D16800F0311A /* UIColor+Extensions.swift */,
				AAB887B02524603E000A9D58 /* UIFont+Extensions.swift */,
				AA1AC8C4252E1C120022ACE5 /* UserDefault+Extensions.swift */,
				AA1AC8C6252E1C7D0022ACE5 /* CLLocationCoordinated2D+Extensions.swift */,
			);
			path = Extension;
			sourceTree = "<group>";
		};
		AAB3B4ED2520B2F400F0311A /* View */ = {
			isa = PBXGroup;
			children = (
				AAB3B4EE2520B30600F0311A /* RoundShadowView.swift */,
				AAB8879425245320000A9D58 /* GradientView.swift */,
			);
			path = View;
			sourceTree = "<group>";
		};
		AAB3B4F62520B55700F0311A /* Model */ = {
			isa = PBXGroup;
			children = (
				AAB3B4F82520B5B600F0311A /* Common.swift */,
			);
			path = Model;
			sourceTree = "<group>";
		};
		AAB3B4F72520B58000F0311A /* Network */ = {
			isa = PBXGroup;
			children = (
			);
			path = Network;
			sourceTree = "<group>";
		};
		AAB3B5082520D34300F0311A /* ViewController */ = {
			isa = PBXGroup;
			children = (
				AAB3B5092520D34D00F0311A /* BaseViewController.swift */,
			);
			path = ViewController;
			sourceTree = "<group>";
		};
		AAB8879625245F55000A9D58 /* Resources */ = {
			isa = PBXGroup;
			children = (
				AAB8879725245F5C000A9D58 /* Font */,
			);
			path = Resources;
			sourceTree = "<group>";
		};
		AAB8879725245F5C000A9D58 /* Font */ = {
			isa = PBXGroup;
			children = (
				AADAD5B1254095D400EEE4A4 /* NotoSansCJKkr-Black.otf */,
				AADAD5B2254095D400EEE4A4 /* NotoSansCJKkr-Bold.otf */,
				AADAD5B0254095D400EEE4A4 /* NotoSansCJKkr-DemiLight.otf */,
				AADAD5B3254095D500EEE4A4 /* NotoSansCJKkr-Light.otf */,
				AADAD5AF254095D400EEE4A4 /* NotoSansCJKkr-Medium.otf */,
				AADAD5B4254095D500EEE4A4 /* NotoSansCJKkr-Regular.otf */,
				AADAD5B5254095D500EEE4A4 /* NotoSansCJKkr-Thin.otf */,
				AAB8879925245F65000A9D58 /* Roboto-Black.ttf */,
				AAB8879E25245F65000A9D58 /* Roboto-BlackItalic.ttf */,
				AAB8879F25245F65000A9D58 /* Roboto-Bold.ttf */,
				AAB8879C25245F65000A9D58 /* Roboto-BoldItalic.ttf */,
				AAB887A125245F65000A9D58 /* Roboto-Italic.ttf */,
				AAB8879D25245F65000A9D58 /* Roboto-Light.ttf */,
				AAB8879A25245F65000A9D58 /* Roboto-LightItalic.ttf */,
				AAB887A025245F65000A9D58 /* Roboto-Medium.ttf */,
				AAB8879B25245F65000A9D58 /* Roboto-MediumItalic.ttf */,
				AAB887A225245F65000A9D58 /* Roboto-Regular.ttf */,
				AAB887AE2524600A000A9D58 /* Roboto-ThinItalic.ttf */,
				AAB8879825245F65000A9D58 /* Roboto-Thin.ttf */,
			);
			path = Font;
			sourceTree = "<group>";
		};
		AADAD59E254093FF00EEE4A4 /* Record */ = {
			isa = PBXGroup;
			children = (
				AADAD5BE254097BE00EEE4A4 /* Views */,
				AADAD59F2540941500EEE4A4 /* PloggingRecordPresenter.swift */,
				AADAD5A02540941500EEE4A4 /* PloggingRecordWorker.swift */,
				AADAD5A12540941500EEE4A4 /* PloggingRecordRouter.swift */,
				AADAD5A22540941500EEE4A4 /* PloggingRecordModels.swift */,
				AADAD5A32540941500EEE4A4 /* PloggingRecordViewController.swift */,
				AADAD5AC2540943200EEE4A4 /* PloggingRecordViewController+UI.swift */,
				AADAD5A42540941500EEE4A4 /* PloggingRecordInteractor.swift */,
			);
			path = Record;
			sourceTree = "<group>";
		};
		AADAD5BE254097BE00EEE4A4 /* Views */ = {
			isa = PBXGroup;
			children = (
				AADAD5BF254097CC00EEE4A4 /* PloggingRecordCollectionViewCell.swift */,
			);
			path = Views;
			sourceTree = "<group>";
		};
		E2D00847CB39D6B3C3C2760D /* Pods */ = {
			isa = PBXGroup;
			children = (
				925E132ACB7FB812EDA3D67C /* Pods-UniPlogger.debug.xcconfig */,
				12330CE7D885C1CB00C8E874 /* Pods-UniPlogger.release.xcconfig */,
			);
			path = Pods;
			sourceTree = "<group>";
		};
		F844166FBCB5428380F0D12E /* Frameworks */ = {
			isa = PBXGroup;
			children = (
				E4E470A391887A23D6AF25DD /* Pods_UniPlogger.framework */,
			);
			name = Frameworks;
			sourceTree = "<group>";
		};
/* End PBXGroup section */

/* Begin PBXNativeTarget section */
		AAB3B4C32520A31100F0311A /* UniPlogger */ = {
			isa = PBXNativeTarget;
			buildConfigurationList = AAB3B4DB2520A31200F0311A /* Build configuration list for PBXNativeTarget "UniPlogger" */;
			buildPhases = (
				B260F3F9F5FBD6461058528F /* [CP] Check Pods Manifest.lock */,
				AAB3B4C02520A31100F0311A /* Sources */,
				AAB3B4C12520A31100F0311A /* Frameworks */,
				AAB3B4C22520A31100F0311A /* Resources */,
				4F655B75D48AB174914B1ADC /* [CP] Embed Pods Frameworks */,
			);
			buildRules = (
			);
			dependencies = (
			);
			name = UniPlogger;
			productName = UniPlogger;
			productReference = AAB3B4C42520A31100F0311A /* UniPlogger.app */;
			productType = "com.apple.product-type.application";
		};
/* End PBXNativeTarget section */

/* Begin PBXProject section */
		AAB3B4BC2520A31100F0311A /* Project object */ = {
			isa = PBXProject;
			attributes = {
				LastSwiftUpdateCheck = 1150;
				LastUpgradeCheck = 1150;
				ORGANIZATIONNAME = "손병근";
				TargetAttributes = {
					AAB3B4C32520A31100F0311A = {
						CreatedOnToolsVersion = 11.5;
					};
				};
			};
			buildConfigurationList = AAB3B4BF2520A31100F0311A /* Build configuration list for PBXProject "UniPlogger" */;
			compatibilityVersion = "Xcode 9.3";
			developmentRegion = en;
			hasScannedForEncodings = 0;
			knownRegions = (
				en,
				Base,
			);
			mainGroup = AAB3B4BB2520A31100F0311A;
			productRefGroup = AAB3B4C52520A31100F0311A /* Products */;
			projectDirPath = "";
			projectRoot = "";
			targets = (
				AAB3B4C32520A31100F0311A /* UniPlogger */,
			);
		};
/* End PBXProject section */

/* Begin PBXResourcesBuildPhase section */
		AAB3B4C22520A31100F0311A /* Resources */ = {
			isa = PBXResourcesBuildPhase;
			buildActionMask = 2147483647;
			files = (
				AADAD5B6254095DC00EEE4A4 /* NotoSansCJKkr-Thin.otf in Resources */,
				AADAD5BB254095DC00EEE4A4 /* NotoSansCJKkr-Bold.otf in Resources */,
				AAB3B4D72520A31200F0311A /* LaunchScreen.storyboard in Resources */,
				AADAD5B9254095DC00EEE4A4 /* NotoSansCJKkr-Black.otf in Resources */,
				AAB887AC25245F65000A9D58 /* Roboto-Italic.ttf in Resources */,
				AAB3B4D42520A31200F0311A /* Assets.xcassets in Resources */,
				AAB887AA25245F65000A9D58 /* Roboto-Bold.ttf in Resources */,
				AAB887A525245F65000A9D58 /* Roboto-LightItalic.ttf in Resources */,
				AAB887A325245F65000A9D58 /* Roboto-Thin.ttf in Resources */,
				AADAD5BA254095DC00EEE4A4 /* NotoSansCJKkr-Regular.otf in Resources */,
				AAB887A925245F65000A9D58 /* Roboto-BlackItalic.ttf in Resources */,
				AAB887A625245F65000A9D58 /* Roboto-MediumItalic.ttf in Resources */,
				AAB887A725245F65000A9D58 /* Roboto-BoldItalic.ttf in Resources */,
				AAB887AB25245F65000A9D58 /* Roboto-Medium.ttf in Resources */,
				AADAD5BC254095DC00EEE4A4 /* NotoSansCJKkr-DemiLight.otf in Resources */,
				AAB887AF2524600A000A9D58 /* Roboto-ThinItalic.ttf in Resources */,
				AAB887AD25245F65000A9D58 /* Roboto-Regular.ttf in Resources */,
				AADAD5B7254095DC00EEE4A4 /* NotoSansCJKkr-Light.otf in Resources */,
				AADAD5B8254095DC00EEE4A4 /* NotoSansCJKkr-Medium.otf in Resources */,
				AAB887A825245F65000A9D58 /* Roboto-Light.ttf in Resources */,
				AAB887A425245F65000A9D58 /* Roboto-Black.ttf in Resources */,
			);
			runOnlyForDeploymentPostprocessing = 0;
		};
/* End PBXResourcesBuildPhase section */

/* Begin PBXShellScriptBuildPhase section */
		4F655B75D48AB174914B1ADC /* [CP] Embed Pods Frameworks */ = {
			isa = PBXShellScriptBuildPhase;
			buildActionMask = 2147483647;
			files = (
			);
			inputFileListPaths = (
				"${PODS_ROOT}/Target Support Files/Pods-UniPlogger/Pods-UniPlogger-frameworks-${CONFIGURATION}-input-files.xcfilelist",
			);
			name = "[CP] Embed Pods Frameworks";
			outputFileListPaths = (
				"${PODS_ROOT}/Target Support Files/Pods-UniPlogger/Pods-UniPlogger-frameworks-${CONFIGURATION}-output-files.xcfilelist",
			);
			runOnlyForDeploymentPostprocessing = 0;
			shellPath = /bin/sh;
			shellScript = "\"${PODS_ROOT}/Target Support Files/Pods-UniPlogger/Pods-UniPlogger-frameworks.sh\"\n";
			showEnvVarsInLog = 0;
		};
		B260F3F9F5FBD6461058528F /* [CP] Check Pods Manifest.lock */ = {
			isa = PBXShellScriptBuildPhase;
			buildActionMask = 2147483647;
			files = (
			);
			inputFileListPaths = (
			);
			inputPaths = (
				"${PODS_PODFILE_DIR_PATH}/Podfile.lock",
				"${PODS_ROOT}/Manifest.lock",
			);
			name = "[CP] Check Pods Manifest.lock";
			outputFileListPaths = (
			);
			outputPaths = (
				"$(DERIVED_FILE_DIR)/Pods-UniPlogger-checkManifestLockResult.txt",
			);
			runOnlyForDeploymentPostprocessing = 0;
			shellPath = /bin/sh;
			shellScript = "diff \"${PODS_PODFILE_DIR_PATH}/Podfile.lock\" \"${PODS_ROOT}/Manifest.lock\" > /dev/null\nif [ $? != 0 ] ; then\n    # print error to STDERR\n    echo \"error: The sandbox is not in sync with the Podfile.lock. Run 'pod install' or update your CocoaPods installation.\" >&2\n    exit 1\nfi\n# This output is used by Xcode 'outputs' to avoid re-running this script phase.\necho \"SUCCESS\" > \"${SCRIPT_OUTPUT_FILE_0}\"\n";
			showEnvVarsInLog = 0;
		};
/* End PBXShellScriptBuildPhase section */

/* Begin PBXSourcesBuildPhase section */
		AAB3B4C02520A31100F0311A /* Sources */ = {
			isa = PBXSourcesBuildPhase;
			buildActionMask = 2147483647;
			files = (
				AA1AC8C7252E1C7D0022ACE5 /* CLLocationCoordinated2D+Extensions.swift in Sources */,
				AADAD5A72540941500EEE4A4 /* PloggingRecordRouter.swift in Sources */,
				AA1AC8C5252E1C120022ACE5 /* UserDefault+Extensions.swift in Sources */,
				AADAD5A52540941500EEE4A4 /* PloggingRecordPresenter.swift in Sources */,
				AAB887932524524C000A9D58 /* StartCountingViewController.swift in Sources */,
				AA2EA3AB253C234300F1413D /* TrashAnnotationView.swift in Sources */,
				AAD8DE8E252821280000B017 /* PloggingViewController+UI.swift in Sources */,
				AADAD5A92540941500EEE4A4 /* PloggingRecordViewController.swift in Sources */,
				AADAD5AA2540941500EEE4A4 /* PloggingRecordInteractor.swift in Sources */,
				AAB3B4F12520B37100F0311A /* UIView+Extensions.swift in Sources */,
				AADAD5AD2540943200EEE4A4 /* PloggingRecordViewController+UI.swift in Sources */,
				AAB3B5002520B6D900F0311A /* PloggingPresenter.swift in Sources */,
				AAB3B4EF2520B30600F0311A /* RoundShadowView.swift in Sources */,
				AAB3B4C82520A31100F0311A /* AppDelegate.swift in Sources */,
				AAB8879525245320000A9D58 /* GradientView.swift in Sources */,
				AAB3B4D22520A31100F0311A /* UniPlogger.xcdatamodeld in Sources */,
				AAB3B50A2520D34D00F0311A /* BaseViewController.swift in Sources */,
				AADAD5A62540941500EEE4A4 /* PloggingRecordWorker.swift in Sources */,
				AADAD5A82540941500EEE4A4 /* PloggingRecordModels.swift in Sources */,
				AAB3B5022520B6D900F0311A /* PloggingRouter.swift in Sources */,
				AAB3B4E92520A78300F0311A /* MainTabBarController.swift in Sources */,
				AAB3B5072520D16800F0311A /* UIColor+Extensions.swift in Sources */,
				AA1AC8C3252E1BBB0022ACE5 /* LocationManager.swift in Sources */,
				AAB3B5032520B6D900F0311A /* PloggingModels.swift in Sources */,
				AAB3B4EC2520B2B400F0311A /* UIImage+Extensions.swift in Sources */,
				AAB3B5042520B6D900F0311A /* PloggingViewController.swift in Sources */,
				AAB3B5052520B6D900F0311A /* PloggingInteractor.swift in Sources */,
				AAB3B4F92520B5B600F0311A /* Common.swift in Sources */,
				AA2EA3AF253C23E100F1413D /* TrashAnnotation.swift in Sources */,
				AAB887B12524603E000A9D58 /* UIFont+Extensions.swift in Sources */,
				AADAD5C0254097CC00EEE4A4 /* PloggingRecordCollectionViewCell.swift in Sources */,
				AAB3B5012520B6D900F0311A /* PloggingWorker.swift in Sources */,
			);
			runOnlyForDeploymentPostprocessing = 0;
		};
/* End PBXSourcesBuildPhase section */

/* Begin PBXVariantGroup section */
		AAB3B4D52520A31200F0311A /* LaunchScreen.storyboard */ = {
			isa = PBXVariantGroup;
			children = (
				AAB3B4D62520A31200F0311A /* Base */,
			);
			name = LaunchScreen.storyboard;
			sourceTree = "<group>";
		};
/* End PBXVariantGroup section */

/* Begin XCBuildConfiguration section */
		AAB3B4D92520A31200F0311A /* Debug */ = {
			isa = XCBuildConfiguration;
			buildSettings = {
				ALWAYS_SEARCH_USER_PATHS = NO;
				CLANG_ANALYZER_NONNULL = YES;
				CLANG_ANALYZER_NUMBER_OBJECT_CONVERSION = YES_AGGRESSIVE;
				CLANG_CXX_LANGUAGE_STANDARD = "gnu++14";
				CLANG_CXX_LIBRARY = "libc++";
				CLANG_ENABLE_MODULES = YES;
				CLANG_ENABLE_OBJC_ARC = YES;
				CLANG_ENABLE_OBJC_WEAK = YES;
				CLANG_WARN_BLOCK_CAPTURE_AUTORELEASING = YES;
				CLANG_WARN_BOOL_CONVERSION = YES;
				CLANG_WARN_COMMA = YES;
				CLANG_WARN_CONSTANT_CONVERSION = YES;
				CLANG_WARN_DEPRECATED_OBJC_IMPLEMENTATIONS = YES;
				CLANG_WARN_DIRECT_OBJC_ISA_USAGE = YES_ERROR;
				CLANG_WARN_DOCUMENTATION_COMMENTS = YES;
				CLANG_WARN_EMPTY_BODY = YES;
				CLANG_WARN_ENUM_CONVERSION = YES;
				CLANG_WARN_INFINITE_RECURSION = YES;
				CLANG_WARN_INT_CONVERSION = YES;
				CLANG_WARN_NON_LITERAL_NULL_CONVERSION = YES;
				CLANG_WARN_OBJC_IMPLICIT_RETAIN_SELF = YES;
				CLANG_WARN_OBJC_LITERAL_CONVERSION = YES;
				CLANG_WARN_OBJC_ROOT_CLASS = YES_ERROR;
				CLANG_WARN_RANGE_LOOP_ANALYSIS = YES;
				CLANG_WARN_STRICT_PROTOTYPES = YES;
				CLANG_WARN_SUSPICIOUS_MOVE = YES;
				CLANG_WARN_UNGUARDED_AVAILABILITY = YES_AGGRESSIVE;
				CLANG_WARN_UNREACHABLE_CODE = YES;
				CLANG_WARN__DUPLICATE_METHOD_MATCH = YES;
				COPY_PHASE_STRIP = NO;
				DEBUG_INFORMATION_FORMAT = dwarf;
				ENABLE_STRICT_OBJC_MSGSEND = YES;
				ENABLE_TESTABILITY = YES;
				GCC_C_LANGUAGE_STANDARD = gnu11;
				GCC_DYNAMIC_NO_PIC = NO;
				GCC_NO_COMMON_BLOCKS = YES;
				GCC_OPTIMIZATION_LEVEL = 0;
				GCC_PREPROCESSOR_DEFINITIONS = (
					"DEBUG=1",
					"$(inherited)",
				);
				GCC_WARN_64_TO_32_BIT_CONVERSION = YES;
				GCC_WARN_ABOUT_RETURN_TYPE = YES_ERROR;
				GCC_WARN_UNDECLARED_SELECTOR = YES;
				GCC_WARN_UNINITIALIZED_AUTOS = YES_AGGRESSIVE;
				GCC_WARN_UNUSED_FUNCTION = YES;
				GCC_WARN_UNUSED_VARIABLE = YES;
				IPHONEOS_DEPLOYMENT_TARGET = 11.0;
				MTL_ENABLE_DEBUG_INFO = INCLUDE_SOURCE;
				MTL_FAST_MATH = YES;
				ONLY_ACTIVE_ARCH = YES;
				SDKROOT = iphoneos;
				SWIFT_ACTIVE_COMPILATION_CONDITIONS = DEBUG;
				SWIFT_OPTIMIZATION_LEVEL = "-Onone";
			};
			name = Debug;
		};
		AAB3B4DA2520A31200F0311A /* Release */ = {
			isa = XCBuildConfiguration;
			buildSettings = {
				ALWAYS_SEARCH_USER_PATHS = NO;
				CLANG_ANALYZER_NONNULL = YES;
				CLANG_ANALYZER_NUMBER_OBJECT_CONVERSION = YES_AGGRESSIVE;
				CLANG_CXX_LANGUAGE_STANDARD = "gnu++14";
				CLANG_CXX_LIBRARY = "libc++";
				CLANG_ENABLE_MODULES = YES;
				CLANG_ENABLE_OBJC_ARC = YES;
				CLANG_ENABLE_OBJC_WEAK = YES;
				CLANG_WARN_BLOCK_CAPTURE_AUTORELEASING = YES;
				CLANG_WARN_BOOL_CONVERSION = YES;
				CLANG_WARN_COMMA = YES;
				CLANG_WARN_CONSTANT_CONVERSION = YES;
				CLANG_WARN_DEPRECATED_OBJC_IMPLEMENTATIONS = YES;
				CLANG_WARN_DIRECT_OBJC_ISA_USAGE = YES_ERROR;
				CLANG_WARN_DOCUMENTATION_COMMENTS = YES;
				CLANG_WARN_EMPTY_BODY = YES;
				CLANG_WARN_ENUM_CONVERSION = YES;
				CLANG_WARN_INFINITE_RECURSION = YES;
				CLANG_WARN_INT_CONVERSION = YES;
				CLANG_WARN_NON_LITERAL_NULL_CONVERSION = YES;
				CLANG_WARN_OBJC_IMPLICIT_RETAIN_SELF = YES;
				CLANG_WARN_OBJC_LITERAL_CONVERSION = YES;
				CLANG_WARN_OBJC_ROOT_CLASS = YES_ERROR;
				CLANG_WARN_RANGE_LOOP_ANALYSIS = YES;
				CLANG_WARN_STRICT_PROTOTYPES = YES;
				CLANG_WARN_SUSPICIOUS_MOVE = YES;
				CLANG_WARN_UNGUARDED_AVAILABILITY = YES_AGGRESSIVE;
				CLANG_WARN_UNREACHABLE_CODE = YES;
				CLANG_WARN__DUPLICATE_METHOD_MATCH = YES;
				COPY_PHASE_STRIP = NO;
				DEBUG_INFORMATION_FORMAT = "dwarf-with-dsym";
				ENABLE_NS_ASSERTIONS = NO;
				ENABLE_STRICT_OBJC_MSGSEND = YES;
				GCC_C_LANGUAGE_STANDARD = gnu11;
				GCC_NO_COMMON_BLOCKS = YES;
				GCC_WARN_64_TO_32_BIT_CONVERSION = YES;
				GCC_WARN_ABOUT_RETURN_TYPE = YES_ERROR;
				GCC_WARN_UNDECLARED_SELECTOR = YES;
				GCC_WARN_UNINITIALIZED_AUTOS = YES_AGGRESSIVE;
				GCC_WARN_UNUSED_FUNCTION = YES;
				GCC_WARN_UNUSED_VARIABLE = YES;
				IPHONEOS_DEPLOYMENT_TARGET = 11.0;
				MTL_ENABLE_DEBUG_INFO = NO;
				MTL_FAST_MATH = YES;
				SDKROOT = iphoneos;
				SWIFT_COMPILATION_MODE = wholemodule;
				SWIFT_OPTIMIZATION_LEVEL = "-O";
				VALIDATE_PRODUCT = YES;
			};
			name = Release;
		};
		AAB3B4DC2520A31200F0311A /* Debug */ = {
			isa = XCBuildConfiguration;
			baseConfigurationReference = 925E132ACB7FB812EDA3D67C /* Pods-UniPlogger.debug.xcconfig */;
			buildSettings = {
				ASSETCATALOG_COMPILER_APPICON_NAME = AppIcon;
				CODE_SIGN_STYLE = Automatic;
				DEVELOPMENT_TEAM = 97C96KP84G;
				INFOPLIST_FILE = UniPlogger/Info.plist;
				LD_RUNPATH_SEARCH_PATHS = (
					"$(inherited)",
					"@executable_path/Frameworks",
				);
				PRODUCT_BUNDLE_IDENTIFIER = kr.co.yapp17.iOS2.UniPlogger;
				PRODUCT_NAME = "$(TARGET_NAME)";
				SWIFT_VERSION = 5.0;
				TARGETED_DEVICE_FAMILY = "1,2";
			};
			name = Debug;
		};
		AAB3B4DD2520A31200F0311A /* Release */ = {
			isa = XCBuildConfiguration;
			baseConfigurationReference = 12330CE7D885C1CB00C8E874 /* Pods-UniPlogger.release.xcconfig */;
			buildSettings = {
				ASSETCATALOG_COMPILER_APPICON_NAME = AppIcon;
				CODE_SIGN_STYLE = Automatic;
				DEVELOPMENT_TEAM = 97C96KP84G;
				INFOPLIST_FILE = UniPlogger/Info.plist;
				LD_RUNPATH_SEARCH_PATHS = (
					"$(inherited)",
					"@executable_path/Frameworks",
				);
				PRODUCT_BUNDLE_IDENTIFIER = kr.co.yapp17.iOS2.UniPlogger;
				PRODUCT_NAME = "$(TARGET_NAME)";
				SWIFT_VERSION = 5.0;
				TARGETED_DEVICE_FAMILY = "1,2";
			};
			name = Release;
		};
/* End XCBuildConfiguration section */

/* Begin XCConfigurationList section */
		AAB3B4BF2520A31100F0311A /* Build configuration list for PBXProject "UniPlogger" */ = {
			isa = XCConfigurationList;
			buildConfigurations = (
				AAB3B4D92520A31200F0311A /* Debug */,
				AAB3B4DA2520A31200F0311A /* Release */,
			);
			defaultConfigurationIsVisible = 0;
			defaultConfigurationName = Release;
		};
		AAB3B4DB2520A31200F0311A /* Build configuration list for PBXNativeTarget "UniPlogger" */ = {
			isa = XCConfigurationList;
			buildConfigurations = (
				AAB3B4DC2520A31200F0311A /* Debug */,
				AAB3B4DD2520A31200F0311A /* Release */,
			);
			defaultConfigurationIsVisible = 0;
			defaultConfigurationName = Release;
		};
/* End XCConfigurationList section */

/* Begin XCVersionGroup section */
		AAB3B4D02520A31100F0311A /* UniPlogger.xcdatamodeld */ = {
			isa = XCVersionGroup;
			children = (
				AAB3B4D12520A31100F0311A /* UniPlogger.xcdatamodel */,
			);
			currentVersion = AAB3B4D12520A31100F0311A /* UniPlogger.xcdatamodel */;
			path = UniPlogger.xcdatamodeld;
			sourceTree = "<group>";
			versionGroupType = wrapper.xcdatamodel;
		};
/* End XCVersionGroup section */
	};
	rootObject = AAB3B4BC2520A31100F0311A /* Project object */;
}
